// !$*UTF8*$!
{
	archiveVersion = 1;
	classes = {
	};
	objectVersion = 56;
	objects = {

/* Begin PBXBuildFile section */
		5095CFED29E9AC6100F58AF3 /* NFT_APPApp.swift in Sources */ = {isa = PBXBuildFile; fileRef = 5095CFEC29E9AC6100F58AF3 /* NFT_APPApp.swift */; };
		5095CFEF29E9AC6100F58AF3 /* ContentView.swift in Sources */ = {isa = PBXBuildFile; fileRef = 5095CFEE29E9AC6100F58AF3 /* ContentView.swift */; };
		5095CFF129E9AC6200F58AF3 /* Assets.xcassets in Resources */ = {isa = PBXBuildFile; fileRef = 5095CFF029E9AC6200F58AF3 /* Assets.xcassets */; };
		5095CFF429E9AC6200F58AF3 /* Preview Assets.xcassets in Resources */ = {isa = PBXBuildFile; fileRef = 5095CFF329E9AC6200F58AF3 /* Preview Assets.xcassets */; };
		5095CFFF29E9AC6200F58AF3 /* NFT_APPTests.swift in Sources */ = {isa = PBXBuildFile; fileRef = 5095CFFE29E9AC6200F58AF3 /* NFT_APPTests.swift */; };
		5095D00929E9AC6200F58AF3 /* NFT_APPUITests.swift in Sources */ = {isa = PBXBuildFile; fileRef = 5095D00829E9AC6200F58AF3 /* NFT_APPUITests.swift */; };
		5095D00B29E9AC6200F58AF3 /* NFT_APPUITestsLaunchTests.swift in Sources */ = {isa = PBXBuildFile; fileRef = 5095D00A29E9AC6200F58AF3 /* NFT_APPUITestsLaunchTests.swift */; };
/* End PBXBuildFile section */

/* Begin PBXContainerItemProxy section */
		5095CFFB29E9AC6200F58AF3 /* PBXContainerItemProxy */ = {
			isa = PBXContainerItemProxy;
			containerPortal = 5095CFE129E9AC6100F58AF3 /* Project object */;
			proxyType = 1;
			remoteGlobalIDString = 5095CFE829E9AC6100F58AF3;
			remoteInfo = NFT_APP;
		};
		5095D00529E9AC6200F58AF3 /* PBXContainerItemProxy */ = {
			isa = PBXContainerItemProxy;
			containerPortal = 5095CFE129E9AC6100F58AF3 /* Project object */;
			proxyType = 1;
			remoteGlobalIDString = 5095CFE829E9AC6100F58AF3;
			remoteInfo = NFT_APP;
		};
/* End PBXContainerItemProxy section */

/* Begin PBXFileReference section */
		5095CFE929E9AC6100F58AF3 /* NFT_APP.app */ = {isa = PBXFileReference; explicitFileType = wrapper.application; includeInIndex = 0; path = NFT_APP.app; sourceTree = BUILT_PRODUCTS_DIR; };
		5095CFEC29E9AC6100F58AF3 /* NFT_APPApp.swift */ = {isa = PBXFileReference; lastKnownFileType = sourcecode.swift; path = NFT_APPApp.swift; sourceTree = "<group>"; };
		5095CFEE29E9AC6100F58AF3 /* ContentView.swift */ = {isa = PBXFileReference; lastKnownFileType = sourcecode.swift; path = ContentView.swift; sourceTree = "<group>"; };
		5095CFF029E9AC6200F58AF3 /* Assets.xcassets */ = {isa = PBXFileReference; lastKnownFileType = folder.assetcatalog; path = Assets.xcassets; sourceTree = "<group>"; };
		5095CFF329E9AC6200F58AF3 /* Preview Assets.xcassets */ = {isa = PBXFileReference; lastKnownFileType = folder.assetcatalog; path = "Preview Assets.xcassets"; sourceTree = "<group>"; };
		5095CFF529E9AC6200F58AF3 /* NFT_APP.entitlements */ = {isa = PBXFileReference; lastKnownFileType = text.plist.entitlements; path = NFT_APP.entitlements; sourceTree = "<group>"; };
		5095CFFA29E9AC6200F58AF3 /* NFT_APPTests.xctest */ = {isa = PBXFileReference; explicitFileType = wrapper.cfbundle; includeInIndex = 0; path = NFT_APPTests.xctest; sourceTree = BUILT_PRODUCTS_DIR; };
		5095CFFE29E9AC6200F58AF3 /* NFT_APPTests.swift */ = {isa = PBXFileReference; lastKnownFileType = sourcecode.swift; path = NFT_APPTests.swift; sourceTree = "<group>"; };
		5095D00429E9AC6200F58AF3 /* NFT_APPUITests.xctest */ = {isa = PBXFileReference; explicitFileType = wrapper.cfbundle; includeInIndex = 0; path = NFT_APPUITests.xctest; sourceTree = BUILT_PRODUCTS_DIR; };
		5095D00829E9AC6200F58AF3 /* NFT_APPUITests.swift */ = {isa = PBXFileReference; lastKnownFileType = sourcecode.swift; path = NFT_APPUITests.swift; sourceTree = "<group>"; };
		5095D00A29E9AC6200F58AF3 /* NFT_APPUITestsLaunchTests.swift */ = {isa = PBXFileReference; lastKnownFileType = sourcecode.swift; path = NFT_APPUITestsLaunchTests.swift; sourceTree = "<group>"; };
/* End PBXFileReference section */

/* Begin PBXFrameworksBuildPhase section */
		5095CFE629E9AC6100F58AF3 /* Frameworks */ = {
			isa = PBXFrameworksBuildPhase;
			buildActionMask = 2147483647;
			files = (
			);
			runOnlyForDeploymentPostprocessing = 0;
		};
		5095CFF729E9AC6200F58AF3 /* Frameworks */ = {
			isa = PBXFrameworksBuildPhase;
			buildActionMask = 2147483647;
			files = (
			);
			runOnlyForDeploymentPostprocessing = 0;
		};
		5095D00129E9AC6200F58AF3 /* Frameworks */ = {
			isa = PBXFrameworksBuildPhase;
			buildActionMask = 2147483647;
			files = (
			);
			runOnlyForDeploymentPostprocessing = 0;
		};
/* End PBXFrameworksBuildPhase section */

/* Begin PBXGroup section */
		5095CFE029E9AC6100F58AF3 = {
			isa = PBXGroup;
			children = (
				5095CFEB29E9AC6100F58AF3 /* NFT_APP */,
				5095CFFD29E9AC6200F58AF3 /* NFT_APPTests */,
				5095D00729E9AC6200F58AF3 /* NFT_APPUITests */,
				5095CFEA29E9AC6100F58AF3 /* Products */,
			);
			sourceTree = "<group>";
		};
		5095CFEA29E9AC6100F58AF3 /* Products */ = {
			isa = PBXGroup;
			children = (
				5095CFE929E9AC6100F58AF3 /* NFT_APP.app */,
				5095CFFA29E9AC6200F58AF3 /* NFT_APPTests.xctest */,
				5095D00429E9AC6200F58AF3 /* NFT_APPUITests.xctest */,
			);
			name = Products;
			sourceTree = "<group>";
		};
		5095CFEB29E9AC6100F58AF3 /* NFT_APP */ = {
			isa = PBXGroup;
			children = (
				5095CFEC29E9AC6100F58AF3 /* NFT_APPApp.swift */,
				5095CFEE29E9AC6100F58AF3 /* ContentView.swift */,
				5095CFF029E9AC6200F58AF3 /* Assets.xcassets */,
				5095CFF529E9AC6200F58AF3 /* NFT_APP.entitlements */,
				5095CFF229E9AC6200F58AF3 /* Preview Content */,
			);
			path = NFT_APP;
			sourceTree = "<group>";
		};
		5095CFF229E9AC6200F58AF3 /* Preview Content */ = {
			isa = PBXGroup;
			children = (
				5095CFF329E9AC6200F58AF3 /* Preview Assets.xcassets */,
			);
			path = "Preview Content";
			sourceTree = "<group>";
		};
		5095CFFD29E9AC6200F58AF3 /* NFT_APPTests */ = {
			isa = PBXGroup;
			children = (
				5095CFFE29E9AC6200F58AF3 /* NFT_APPTests.swift */,
			);
			path = NFT_APPTests;
			sourceTree = "<group>";
		};
		5095D00729E9AC6200F58AF3 /* NFT_APPUITests */ = {
			isa = PBXGroup;
			children = (
				5095D00829E9AC6200F58AF3 /* NFT_APPUITests.swift */,
				5095D00A29E9AC6200F58AF3 /* NFT_APPUITestsLaunchTests.swift */,
			);
			path = NFT_APPUITests;
			sourceTree = "<group>";
		};
/* End PBXGroup section */

/* Begin PBXNativeTarget section */
		5095CFE829E9AC6100F58AF3 /* NFT_APP */ = {
			isa = PBXNativeTarget;
			buildConfigurationList = 5095D00E29E9AC6200F58AF3 /* Build configuration list for PBXNativeTarget "NFT_APP" */;
			buildPhases = (
				5095CFE529E9AC6100F58AF3 /* Sources */,
				5095CFE629E9AC6100F58AF3 /* Frameworks */,
				5095CFE729E9AC6100F58AF3 /* Resources */,
			);
			buildRules = (
			);
			dependencies = (
			);
			name = NFT_APP;
			productName = NFT_APP;
			productReference = 5095CFE929E9AC6100F58AF3 /* NFT_APP.app */;
			productType = "com.apple.product-type.application";
		};
		5095CFF929E9AC6200F58AF3 /* NFT_APPTests */ = {
			isa = PBXNativeTarget;
			buildConfigurationList = 5095D01129E9AC6200F58AF3 /* Build configuration list for PBXNativeTarget "NFT_APPTests" */;
			buildPhases = (
				5095CFF629E9AC6200F58AF3 /* Sources */,
				5095CFF729E9AC6200F58AF3 /* Frameworks */,
				5095CFF829E9AC6200F58AF3 /* Resources */,
			);
			buildRules = (
			);
			dependencies = (
				5095CFFC29E9AC6200F58AF3 /* PBXTargetDependency */,
			);
			name = NFT_APPTests;
			productName = NFT_APPTests;
			productReference = 5095CFFA29E9AC6200F58AF3 /* NFT_APPTests.xctest */;
			productType = "com.apple.product-type.bundle.unit-test";
		};
		5095D00329E9AC6200F58AF3 /* NFT_APPUITests */ = {
			isa = PBXNativeTarget;
			buildConfigurationList = 5095D01429E9AC6200F58AF3 /* Build configuration list for PBXNativeTarget "NFT_APPUITests" */;
			buildPhases = (
				5095D00029E9AC6200F58AF3 /* Sources */,
				5095D00129E9AC6200F58AF3 /* Frameworks */,
				5095D00229E9AC6200F58AF3 /* Resources */,
			);
			buildRules = (
			);
			dependencies = (
				5095D00629E9AC6200F58AF3 /* PBXTargetDependency */,
			);
			name = NFT_APPUITests;
			productName = NFT_APPUITests;
			productReference = 5095D00429E9AC6200F58AF3 /* NFT_APPUITests.xctest */;
			productType = "com.apple.product-type.bundle.ui-testing";
		};
/* End PBXNativeTarget section */

/* Begin PBXProject section */
		5095CFE129E9AC6100F58AF3 /* Project object */ = {
			isa = PBXProject;
			attributes = {
				BuildIndependentTargetsInParallel = 1;
				LastSwiftUpdateCheck = 1430;
				LastUpgradeCheck = 1430;
				TargetAttributes = {
					5095CFE829E9AC6100F58AF3 = {
						CreatedOnToolsVersion = 14.3;
					};
					5095CFF929E9AC6200F58AF3 = {
						CreatedOnToolsVersion = 14.3;
						TestTargetID = 5095CFE829E9AC6100F58AF3;
					};
					5095D00329E9AC6200F58AF3 = {
						CreatedOnToolsVersion = 14.3;
						TestTargetID = 5095CFE829E9AC6100F58AF3;
					};
				};
			};
			buildConfigurationList = 5095CFE429E9AC6100F58AF3 /* Build configuration list for PBXProject "NFT_APP" */;
			compatibilityVersion = "Xcode 14.0";
			developmentRegion = en;
			hasScannedForEncodings = 0;
			knownRegions = (
				en,
				Base,
			);
			mainGroup = 5095CFE029E9AC6100F58AF3;
			productRefGroup = 5095CFEA29E9AC6100F58AF3 /* Products */;
			projectDirPath = "";
			projectRoot = "";
			targets = (
				5095CFE829E9AC6100F58AF3 /* NFT_APP */,
				5095CFF929E9AC6200F58AF3 /* NFT_APPTests */,
				5095D00329E9AC6200F58AF3 /* NFT_APPUITests */,
			);
		};
/* End PBXProject section */

/* Begin PBXResourcesBuildPhase section */
		5095CFE729E9AC6100F58AF3 /* Resources */ = {
			isa = PBXResourcesBuildPhase;
			buildActionMask = 2147483647;
			files = (
				5095CFF429E9AC6200F58AF3 /* Preview Assets.xcassets in Resources */,
				5095CFF129E9AC6200F58AF3 /* Assets.xcassets in Resources */,
			);
			runOnlyForDeploymentPostprocessing = 0;
		};
		5095CFF829E9AC6200F58AF3 /* Resources */ = {
			isa = PBXResourcesBuildPhase;
			buildActionMask = 2147483647;
			files = (
			);
			runOnlyForDeploymentPostprocessing = 0;
		};
		5095D00229E9AC6200F58AF3 /* Resources */ = {
			isa = PBXResourcesBuildPhase;
			buildActionMask = 2147483647;
			files = (
			);
			runOnlyForDeploymentPostprocessing = 0;
		};
/* End PBXResourcesBuildPhase section */

/* Begin PBXSourcesBuildPhase section */
		5095CFE529E9AC6100F58AF3 /* Sources */ = {
			isa = PBXSourcesBuildPhase;
			buildActionMask = 2147483647;
			files = (
				5095CFEF29E9AC6100F58AF3 /* ContentView.swift in Sources */,
				5095CFED29E9AC6100F58AF3 /* NFT_APPApp.swift in Sources */,
			);
			runOnlyForDeploymentPostprocessing = 0;
		};
		5095CFF629E9AC6200F58AF3 /* Sources */ = {
			isa = PBXSourcesBuildPhase;
			buildActionMask = 2147483647;
			files = (
				5095CFFF29E9AC6200F58AF3 /* NFT_APPTests.swift in Sources */,
			);
			runOnlyForDeploymentPostprocessing = 0;
		};
		5095D00029E9AC6200F58AF3 /* Sources */ = {
			isa = PBXSourcesBuildPhase;
			buildActionMask = 2147483647;
			files = (
				5095D00929E9AC6200F58AF3 /* NFT_APPUITests.swift in Sources */,
				5095D00B29E9AC6200F58AF3 /* NFT_APPUITestsLaunchTests.swift in Sources */,
			);
			runOnlyForDeploymentPostprocessing = 0;
		};
/* End PBXSourcesBuildPhase section */

/* Begin PBXTargetDependency section */
		5095CFFC29E9AC6200F58AF3 /* PBXTargetDependency */ = {
			isa = PBXTargetDependency;
			target = 5095CFE829E9AC6100F58AF3 /* NFT_APP */;
			targetProxy = 5095CFFB29E9AC6200F58AF3 /* PBXContainerItemProxy */;
		};
		5095D00629E9AC6200F58AF3 /* PBXTargetDependency */ = {
			isa = PBXTargetDependency;
			target = 5095CFE829E9AC6100F58AF3 /* NFT_APP */;
			targetProxy = 5095D00529E9AC6200F58AF3 /* PBXContainerItemProxy */;
		};
/* End PBXTargetDependency section */

/* Begin XCBuildConfiguration section */
		5095D00C29E9AC6200F58AF3 /* Debug */ = {
			isa = XCBuildConfiguration;
			buildSettings = {
				ALWAYS_SEARCH_USER_PATHS = NO;
				CLANG_ANALYZER_NONNULL = YES;
				CLANG_ANALYZER_NUMBER_OBJECT_CONVERSION = YES_AGGRESSIVE;
				CLANG_CXX_LANGUAGE_STANDARD = "gnu++20";
				CLANG_ENABLE_MODULES = YES;
				CLANG_ENABLE_OBJC_ARC = YES;
				CLANG_ENABLE_OBJC_WEAK = YES;
				CLANG_WARN_BLOCK_CAPTURE_AUTORELEASING = YES;
				CLANG_WARN_BOOL_CONVERSION = YES;
				CLANG_WARN_COMMA = YES;
				CLANG_WARN_CONSTANT_CONVERSION = YES;
				CLANG_WARN_DEPRECATED_OBJC_IMPLEMENTATIONS = YES;
				CLANG_WARN_DIRECT_OBJC_ISA_USAGE = YES_ERROR;
				CLANG_WARN_DOCUMENTATION_COMMENTS = YES;
				CLANG_WARN_EMPTY_BODY = YES;
				CLANG_WARN_ENUM_CONVERSION = YES;
				CLANG_WARN_INFINITE_RECURSION = YES;
				CLANG_WARN_INT_CONVERSION = YES;
				CLANG_WARN_NON_LITERAL_NULL_CONVERSION = YES;
				CLANG_WARN_OBJC_IMPLICIT_RETAIN_SELF = YES;
				CLANG_WARN_OBJC_LITERAL_CONVERSION = YES;
				CLANG_WARN_OBJC_ROOT_CLASS = YES_ERROR;
				CLANG_WARN_QUOTED_INCLUDE_IN_FRAMEWORK_HEADER = YES;
				CLANG_WARN_RANGE_LOOP_ANALYSIS = YES;
				CLANG_WARN_STRICT_PROTOTYPES = YES;
				CLANG_WARN_SUSPICIOUS_MOVE = YES;
				CLANG_WARN_UNGUARDED_AVAILABILITY = YES_AGGRESSIVE;
				CLANG_WARN_UNREACHABLE_CODE = YES;
				CLANG_WARN__DUPLICATE_METHOD_MATCH = YES;
				COPY_PHASE_STRIP = NO;
				DEBUG_INFORMATION_FORMAT = dwarf;
				ENABLE_STRICT_OBJC_MSGSEND = YES;
				ENABLE_TESTABILITY = YES;
				GCC_C_LANGUAGE_STANDARD = gnu11;
				GCC_DYNAMIC_NO_PIC = NO;
				GCC_NO_COMMON_BLOCKS = YES;
				GCC_OPTIMIZATION_LEVEL = 0;
				GCC_PREPROCESSOR_DEFINITIONS = (
					"DEBUG=1",
					"$(inherited)",
				);
				GCC_WARN_64_TO_32_BIT_CONVERSION = YES;
				GCC_WARN_ABOUT_RETURN_TYPE = YES_ERROR;
				GCC_WARN_UNDECLARED_SELECTOR = YES;
				GCC_WARN_UNINITIALIZED_AUTOS = YES_AGGRESSIVE;
				GCC_WARN_UNUSED_FUNCTION = YES;
				GCC_WARN_UNUSED_VARIABLE = YES;
				MACOSX_DEPLOYMENT_TARGET = 13.3;
				MTL_ENABLE_DEBUG_INFO = INCLUDE_SOURCE;
				MTL_FAST_MATH = YES;
				ONLY_ACTIVE_ARCH = YES;
				SDKROOT = macosx;
				SWIFT_ACTIVE_COMPILATION_CONDITIONS = DEBUG;
				SWIFT_OPTIMIZATION_LEVEL = "-Onone";
			};
			name = Debug;
		};
		5095D00D29E9AC6200F58AF3 /* Release */ = {
			isa = XCBuildConfiguration;
			buildSettings = {
				ALWAYS_SEARCH_USER_PATHS = NO;
				CLANG_ANALYZER_NONNULL = YES;
				CLANG_ANALYZER_NUMBER_OBJECT_CONVERSION = YES_AGGRESSIVE;
				CLANG_CXX_LANGUAGE_STANDARD = "gnu++20";
				CLANG_ENABLE_MODULES = YES;
				CLANG_ENABLE_OBJC_ARC = YES;
				CLANG_ENABLE_OBJC_WEAK = YES;
				CLANG_WARN_BLOCK_CAPTURE_AUTORELEASING = YES;
				CLANG_WARN_BOOL_CONVERSION = YES;
				CLANG_WARN_COMMA = YES;
				CLANG_WARN_CONSTANT_CONVERSION = YES;
				CLANG_WARN_DEPRECATED_OBJC_IMPLEMENTATIONS = YES;
				CLANG_WARN_DIRECT_OBJC_ISA_USAGE = YES_ERROR;
				CLANG_WARN_DOCUMENTATION_COMMENTS = YES;
				CLANG_WARN_EMPTY_BODY = YES;
				CLANG_WARN_ENUM_CONVERSION = YES;
				CLANG_WARN_INFINITE_RECURSION = YES;
				CLANG_WARN_INT_CONVERSION = YES;
				CLANG_WARN_NON_LITERAL_NULL_CONVERSION = YES;
				CLANG_WARN_OBJC_IMPLICIT_RETAIN_SELF = YES;
				CLANG_WARN_OBJC_LITERAL_CONVERSION = YES;
				CLANG_WARN_OBJC_ROOT_CLASS = YES_ERROR;
				CLANG_WARN_QUOTED_INCLUDE_IN_FRAMEWORK_HEADER = YES;
				CLANG_WARN_RANGE_LOOP_ANALYSIS = YES;
				CLANG_WARN_STRICT_PROTOTYPES = YES;
				CLANG_WARN_SUSPICIOUS_MOVE = YES;
				CLANG_WARN_UNGUARDED_AVAILABILITY = YES_AGGRESSIVE;
				CLANG_WARN_UNREACHABLE_CODE = YES;
				CLANG_WARN__DUPLICATE_METHOD_MATCH = YES;
				COPY_PHASE_STRIP = NO;
				DEBUG_INFORMATION_FORMAT = "dwarf-with-dsym";
				ENABLE_NS_ASSERTIONS = NO;
				ENABLE_STRICT_OBJC_MSGSEND = YES;
				GCC_C_LANGUAGE_STANDARD = gnu11;
				GCC_NO_COMMON_BLOCKS = YES;
				GCC_WARN_64_TO_32_BIT_CONVERSION = YES;
				GCC_WARN_ABOUT_RETURN_TYPE = YES_ERROR;
				GCC_WARN_UNDECLARED_SELECTOR = YES;
				GCC_WARN_UNINITIALIZED_AUTOS = YES_AGGRESSIVE;
				GCC_WARN_UNUSED_FUNCTION = YES;
				GCC_WARN_UNUSED_VARIABLE = YES;
				MACOSX_DEPLOYMENT_TARGET = 13.3;
				MTL_ENABLE_DEBUG_INFO = NO;
				MTL_FAST_MATH = YES;
				SDKROOT = macosx;
				SWIFT_COMPILATION_MODE = wholemodule;
				SWIFT_OPTIMIZATION_LEVEL = "-O";
			};
			name = Release;
		};
		5095D00F29E9AC6200F58AF3 /* Debug */ = {
			isa = XCBuildConfiguration;
			buildSettings = {
				ASSETCATALOG_COMPILER_APPICON_NAME = AppIcon;
				ASSETCATALOG_COMPILER_GLOBAL_ACCENT_COLOR_NAME = AccentColor;
				CODE_SIGN_ENTITLEMENTS = NFT_APP/NFT_APP.entitlements;
				CODE_SIGN_STYLE = Automatic;
				COMBINE_HIDPI_IMAGES = YES;
				CURRENT_PROJECT_VERSION = 1;
				DEVELOPMENT_ASSET_PATHS = "\"NFT_APP/Preview Content\"";
				ENABLE_PREVIEWS = YES;
				GENERATE_INFOPLIST_FILE = YES;
				INFOPLIST_KEY_NSHumanReadableCopyright = "";
				LD_RUNPATH_SEARCH_PATHS = (
					"$(inherited)",
					"@executable_path/../Frameworks",
				);
				MARKETING_VERSION = 1.0;
				PRODUCT_BUNDLE_IDENTIFIER = "Blockchain-Kingdom-Limited.NFT-APP";
				PRODUCT_NAME = "$(TARGET_NAME)";
				SWIFT_EMIT_LOC_STRINGS = YES;
				SWIFT_VERSION = 5.0;
			};
			name = Debug;
		};
		5095D01029E9AC6200F58AF3 /* Release */ = {
			isa = XCBuildConfiguration;
			buildSettings = {
				ASSETCATALOG_COMPILER_APPICON_NAME = AppIcon;
				ASSETCATALOG_COMPILER_GLOBAL_ACCENT_COLOR_NAME = AccentColor;
				CODE_SIGN_ENTITLEMENTS = NFT_APP/NFT_APP.entitlements;
				CODE_SIGN_STYLE = Automatic;
				COMBINE_HIDPI_IMAGES = YES;
				CURRENT_PROJECT_VERSION = 1;
				DEVELOPMENT_ASSET_PATHS = "\"NFT_APP/Preview Content\"";
				ENABLE_PREVIEWS = YES;
				GENERATE_INFOPLIST_FILE = YES;
				INFOPLIST_KEY_NSHumanReadableCopyright = "";
				LD_RUNPATH_SEARCH_PATHS = (
					"$(inherited)",
					"@executable_path/../Frameworks",
				);
				MARKETING_VERSION = 1.0;
				PRODUCT_BUNDLE_IDENTIFIER = "Blockchain-Kingdom-Limited.NFT-APP";
				PRODUCT_NAME = "$(TARGET_NAME)";
				SWIFT_EMIT_LOC_STRINGS = YES;
				SWIFT_VERSION = 5.0;
			};
			name = Release;
		};
		5095D01229E9AC6200F58AF3 /* Debug */ = {
			isa = XCBuildConfiguration;
			buildSettings = {
				ALWAYS_EMBED_SWIFT_STANDARD_LIBRARIES = YES;
				BUNDLE_LOADER = "$(TEST_HOST)";
				CODE_SIGN_STYLE = Automatic;
				CURRENT_PROJECT_VERSION = 1;
				GENERATE_INFOPLIST_FILE = YES;
				MACOSX_DEPLOYMENT_TARGET = 13.3;
				MARKETING_VERSION = 1.0;
				PRODUCT_BUNDLE_IDENTIFIER = "Blockchain-Kingdom-Limited.NFT-APPTests";
				PRODUCT_NAME = "$(TARGET_NAME)";
				SWIFT_EMIT_LOC_STRINGS = NO;
				SWIFT_VERSION = 5.0;
				TEST_HOST = "$(BUILT_PRODUCTS_DIR)/NFT_APP.app/$(BUNDLE_EXECUTABLE_FOLDER_PATH)/NFT_APP";
			};
			name = Debug;
		};
		5095D01329E9AC6200F58AF3 /* Release */ = {
			isa = XCBuildConfiguration;
			buildSettings = {
				ALWAYS_EMBED_SWIFT_STANDARD_LIBRARIES = YES;
				BUNDLE_LOADER = "$(TEST_HOST)";
				CODE_SIGN_STYLE = Automatic;
				CURRENT_PROJECT_VERSION = 1;
				GENERATE_INFOPLIST_FILE = YES;
				MACOSX_DEPLOYMENT_TARGET = 13.3;
				MARKETING_VERSION = 1.0;
				PRODUCT_BUNDLE_IDENTIFIER = "Blockchain-Kingdom-Limited.NFT-APPTests";
				PRODUCT_NAME = "$(TARGET_NAME)";
				SWIFT_EMIT_LOC_STRINGS = NO;
				SWIFT_VERSION = 5.0;
				TEST_HOST = "$(BUILT_PRODUCTS_DIR)/NFT_APP.app/$(BUNDLE_EXECUTABLE_FOLDER_PATH)/NFT_APP";
			};
			name = Release;
		};
		5095D01529E9AC6200F58AF3 /* Debug */ = {
			isa = XCBuildConfiguration;
			buildSettings = {
				ALWAYS_EMBED_SWIFT_STANDARD_LIBRARIES = YES;
				CODE_SIGN_STYLE = Automatic;
				CURRENT_PROJECT_VERSION = 1;
				GENERATE_INFOPLIST_FILE = YES;
				MARKETING_VERSION = 1.0;
				PRODUCT_BUNDLE_IDENTIFIER = "Blockchain-Kingdom-Limited.NFT-APPUITests";
				PRODUCT_NAME = "$(TARGET_NAME)";
				SWIFT_EMIT_LOC_STRINGS = NO;
				SWIFT_VERSION = 5.0;
				TEST_TARGET_NAME = NFT_APP;
			};
			name = Debug;
		};
		5095D01629E9AC6200F58AF3 /* Release */ = {
			isa = XCBuildConfiguration;
			buildSettings = {
				ALWAYS_EMBED_SWIFT_STANDARD_LIBRARIES = YES;
				CODE_SIGN_STYLE = Automatic;
				CURRENT_PROJECT_VERSION = 1;
				GENERATE_INFOPLIST_FILE = YES;
				MARKETING_VERSION = 1.0;
				PRODUCT_BUNDLE_IDENTIFIER = "Blockchain-Kingdom-Limited.NFT-APPUITests";
				PRODUCT_NAME = "$(TARGET_NAME)";
				SWIFT_EMIT_LOC_STRINGS = NO;
				SWIFT_VERSION = 5.0;
				TEST_TARGET_NAME = NFT_APP;
			};
			name = Release;
		};
/* End XCBuildConfiguration section */

/* Begin XCConfigurationList section */
		5095CFE429E9AC6100F58AF3 /* Build configuration list for PBXProject "NFT_APP" */ = {
			isa = XCConfigurationList;
			buildConfigurations = (
				5095D00C29E9AC6200F58AF3 /* Debug */,
				5095D00D29E9AC6200F58AF3 /* Release */,
			);
			defaultConfigurationIsVisible = 0;
			defaultConfigurationName = Release;
		};
		5095D00E29E9AC6200F58AF3 /* Build configuration list for PBXNativeTarget "NFT_APP" */ = {
			isa = XCConfigurationList;
			buildConfigurations = (
				5095D00F29E9AC6200F58AF3 /* Debug */,
				5095D01029E9AC6200F58AF3 /* Release */,
			);
			defaultConfigurationIsVisible = 0;
			defaultConfigurationName = Release;
		};
		5095D01129E9AC6200F58AF3 /* Build configuration list for PBXNativeTarget "NFT_APPTests" */ = {
			isa = XCConfigurationList;
			buildConfigurations = (
				5095D01229E9AC6200F58AF3 /* Debug */,
				5095D01329E9AC6200F58AF3 /* Release */,
			);
			defaultConfigurationIsVisible = 0;
			defaultConfigurationName = Release;
		};
		5095D01429E9AC6200F58AF3 /* Build configuration list for PBXNativeTarget "NFT_APPUITests" */ = {
			isa = XCConfigurationList;
			buildConfigurations = (
				5095D01529E9AC6200F58AF3 /* Debug */,
				5095D01629E9AC6200F58AF3 /* Release */,
			);
			defaultConfigurationIsVisible = 0;
			defaultConfigurationName = Release;
		};
/* End XCConfigurationList section */
	};
	rootObject = 5095CFE129E9AC6100F58AF3 /* Project object */;
}
